
Microsoft Visual Studio Solution File, Format Version 12.00
# Visual Studio Version 17
VisualStudioVersion = 17.8.34525.116
MinimumVisualStudioVersion = 10.0.40219.1
Project("{9A19103F-16F7-4668-BE54-9A1E7A4F7556}") = "Screen Dimmer", "Screen Dimmer\Screen Dimmer.csproj", "{95FED8D2-56E6-4A75-BD2D-D4653AB29E42}"
EndProject
Global
	GlobalSection(SolutionConfigurationPlatforms) = preSolution
		Debug|Any CPU = Debug|Any CPU
		Release|Any CPU = Release|Any CPU
	EndGlobalSection
	GlobalSection(ProjectConfigurationPlatforms) = postSolution
		{95FED8D2-56E6-4A75-BD2D-D4653AB29E42}.Debug|Any CPU.ActiveCfg = Debug|Any CPU
		{95FED8D2-56E6-4A75-BD2D-D4653AB29E42}.Debug|Any CPU.Build.0 = Debug|Any CPU
		{95FED8D2-56E6-4A75-BD2D-D4653AB29E42}.Release|Any CPU.ActiveCfg = Release|Any CPU
		{95FED8D2-56E6-4A75-BD2D-D4653AB29E42}.Release|Any CPU.Build.0 = Release|Any CPU
	EndGlobalSection
	GlobalSection(SolutionProperties) = preSolution
		HideSolutionNode = FALSE
	EndGlobalSection
	GlobalSection(ExtensibilityGlobals) = postSolution
		SolutionGuid = {E2C2A91C-7B6D-4F2F-BE6B-2E0D6145BC5A}
	EndGlobalSection
EndGlobal
